
Microsoft Visual Studio Solution File, Format Version 12.00
# Visual Studio Version 17
VisualStudioVersion = 17.3.32825.248
MinimumVisualStudioVersion = 10.0.40219.1
Project("{FAE04EC0-301F-11D3-BF4B-00C04F79EFBC}") = "Domedo.API", "Domedo.API\Domedo.API.csproj", "{12A9B35E-46C2-4744-8AC9-66B24B1D7B5E}"
	ProjectSection(ProjectDependencies) = postProject
		{707D5363-7F83-47DD-A693-5ACD3CD8FDB3} = {707D5363-7F83-47DD-A693-5ACD3CD8FDB3}
		{84F36412-3333-4979-9823-CCFCA25FEFB4} = {84F36412-3333-4979-9823-CCFCA25FEFB4}
	EndProjectSection
EndProject
Project("{FAE04EC0-301F-11D3-BF4B-00C04F79EFBC}") = "Domedo.App", "Domedo.App\Domedo.App.csproj", "{84F36412-3333-4979-9823-CCFCA25FEFB4}"
	ProjectSection(ProjectDependencies) = postProject
		{707D5363-7F83-47DD-A693-5ACD3CD8FDB3} = {707D5363-7F83-47DD-A693-5ACD3CD8FDB3}
	EndProjectSection
EndProject
Project("{FAE04EC0-301F-11D3-BF4B-00C04F79EFBC}") = "Domedo.Domain", "Domedo.Domain\Domedo.Domain.csproj", "{707D5363-7F83-47DD-A693-5ACD3CD8FDB3}"
EndProject
Global
	GlobalSection(SolutionConfigurationPlatforms) = preSolution
		Debug|Any CPU = Debug|Any CPU
		Release|Any CPU = Release|Any CPU
	EndGlobalSection
	GlobalSection(ProjectConfigurationPlatforms) = postSolution
		{12A9B35E-46C2-4744-8AC9-66B24B1D7B5E}.Debug|Any CPU.ActiveCfg = Debug|Any CPU
		{12A9B35E-46C2-4744-8AC9-66B24B1D7B5E}.Debug|Any CPU.Build.0 = Debug|Any CPU
		{12A9B35E-46C2-4744-8AC9-66B24B1D7B5E}.Release|Any CPU.ActiveCfg = Release|Any CPU
		{12A9B35E-46C2-4744-8AC9-66B24B1D7B5E}.Release|Any CPU.Build.0 = Release|Any CPU
		{84F36412-3333-4979-9823-CCFCA25FEFB4}.Debug|Any CPU.ActiveCfg = Debug|Any CPU
		{84F36412-3333-4979-9823-CCFCA25FEFB4}.Debug|Any CPU.Build.0 = Debug|Any CPU
		{84F36412-3333-4979-9823-CCFCA25FEFB4}.Release|Any CPU.ActiveCfg = Release|Any CPU
		{84F36412-3333-4979-9823-CCFCA25FEFB4}.Release|Any CPU.Build.0 = Release|Any CPU
		{707D5363-7F83-47DD-A693-5ACD3CD8FDB3}.Debug|Any CPU.ActiveCfg = Debug|Any CPU
		{707D5363-7F83-47DD-A693-5ACD3CD8FDB3}.Debug|Any CPU.Build.0 = Debug|Any CPU
		{707D5363-7F83-47DD-A693-5ACD3CD8FDB3}.Release|Any CPU.ActiveCfg = Release|Any CPU
		{707D5363-7F83-47DD-A693-5ACD3CD8FDB3}.Release|Any CPU.Build.0 = Release|Any CPU
	EndGlobalSection
	GlobalSection(SolutionProperties) = preSolution
		HideSolutionNode = FALSE
	EndGlobalSection
	GlobalSection(ExtensibilityGlobals) = postSolution
		SolutionGuid = {CA23838C-C268-4BB5-A789-E21733DD2BD0}
	EndGlobalSection
EndGlobal
